{
  "name": "servisofts-terminal",
  "version": "1.0.3",
  "lockfileVersion": 1,
  "requires": true,
  "dependencies": {
    "@types/prop-types": {
      "version": "15.7.5",
      "resolved": "https://registry.npmjs.org/@types/prop-types/-/prop-types-15.7.5.tgz",
      "integrity": "sha512-JCB8C6SnDoQf0cNycqd/35A7MjcnK+ZTqE7judS6o7utxUCg6imJg3QK2qzHKszlTjcj2cn+NwMB2i96ubpj7w==",
      "dev": true
    },
    "@types/react": {
      "version": "17.0.62",
      "resolved": "https://registry.npmjs.org/@types/react/-/react-17.0.62.tgz",
      "integrity": "sha512-eANCyz9DG8p/Vdhr0ZKST8JV12PhH2ACCDYlFw6DIO+D+ca+uP4jtEDEpVqXZrh/uZdXQGwk7whJa3ah5DtyLw==",
      "dev": true,
      "requires": {
        "@types/prop-types": "*",
        "@types/scheduler": "*",
        "csstype": "^3.0.2"
      }
    },
    "@types/react-native": {
      "version": "0.61.23",
      "resolved": "https://registry.npmjs.org/@types/react-native/-/react-native-0.61.23.tgz",
      "integrity": "sha512-upHmySsrVBDBokWWhYIKkKnpvadsHdioSjbBTu4xl7fjN0yb94KR5ngUOBXsyqAYqQzF+hP6qpvobG9M7Jr6hw==",
      "dev": true,
      "requires": {
        "@types/react": "*"
      }
    },
    "@types/scheduler": {
      "version": "0.16.3",
      "resolved": "https://registry.npmjs.org/@types/scheduler/-/scheduler-0.16.3.tgz",
      "integrity": "sha512-5cJ8CB4yAx7BH1oMvdU0Jh9lrEXyPkar6F9G/ERswkCuvP4KQZfZkSjcMbAICCpQTN4OuZn8tz0HiKv9TGZgrQ==",
      "dev": true
    },
    "csstype": {
      "version": "3.1.2",
      "resolved": "https://registry.npmjs.org/csstype/-/csstype-3.1.2.tgz",
      "integrity": "sha512-I7K1Uu0MBPzaFKg4nI5Q7Vs2t+3gWWW648spaF+Rg7pI9ds18Ugn+lvg4SHczUdKlHI5LWBXyqfS8+DufyBsgQ==",
      "dev": true
    },
    "servisofts-component": {
      "version": "file:../servisofts-component/dist",
      "dev": true,
      "requires": {
        "@react-navigation/native": "^5.9.6",
        "@react-navigation/stack": "^5.14.7"
      },
      "dependencies": {
        "@react-navigation/core": {
          "version": "5.16.1",
          "resolved": "https://registry.npmjs.org/@react-navigation/core/-/core-5.16.1.tgz",
          "integrity": "sha512-3AToC7vPNeSNcHFLd1h71L6u34hfXoRAS1CxF9Fc4uC8uOrVqcNvphpeFbE0O9Bw6Zpl0BnMFl7E5gaL3KGzNA==",
          "dev": true,
          "requires": {
            "@react-navigation/routers": "^5.7.4",
            "escape-string-regexp": "^4.0.0",
            "nanoid": "^3.1.15",
            "query-string": "^6.13.6",
            "react-is": "^16.13.0"
          }
        },
        "@react-navigation/native": {
          "version": "5.9.8",
          "resolved": "https://registry.npmjs.org/@react-navigation/native/-/native-5.9.8.tgz",
          "integrity": "sha512-DNbcDHXQPSFDLn51kkVVJjT3V7jJy2GztNYZe/2bEg29mi5QEcHHcpifjMCtyFKntAOWzKlG88UicIQ17UEghg==",
          "dev": true,
          "requires": {
            "@react-navigation/core": "^5.16.1",
            "escape-string-regexp": "^4.0.0",
            "nanoid": "^3.1.15"
          }
        },
        "@react-navigation/routers": {
          "version": "5.7.4",
          "resolved": "https://registry.npmjs.org/@react-navigation/routers/-/routers-5.7.4.tgz",
          "integrity": "sha512-0N202XAqsU/FlE53Nmh6GHyMtGm7g6TeC93mrFAFJOqGRKznT0/ail+cYlU6tNcPA9AHzZu1Modw1eoDINSliQ==",
          "dev": true,
          "requires": {
            "nanoid": "^3.1.15"
          }
        },
        "@react-navigation/stack": {
          "version": "5.14.9",
          "resolved": "https://registry.npmjs.org/@react-navigation/stack/-/stack-5.14.9.tgz",
          "integrity": "sha512-DuvrT9P+Tz8ezZLQYxORZqOGqO+vEufaxlW1hSLw1knLD4jNxkz8TJDXtfKwaz//9gb43UhTNccNM02vm7iPqQ==",
          "dev": true,
          "requires": {
            "color": "^3.1.3",
            "react-native-iphone-x-helper": "^1.3.0"
          }
        },
        "color": {
          "version": "3.2.1",
          "resolved": "https://registry.npmjs.org/color/-/color-3.2.1.tgz",
          "integrity": "sha512-aBl7dZI9ENN6fUGC7mWpMTPNHmWUSNan9tuWN6ahh5ZLNk9baLJOnSMlrQkHcrfFgz2/RigjUVAjdx36VcemKA==",
          "dev": true,
          "requires": {
            "color-convert": "^1.9.3",
            "color-string": "^1.6.0"
          }
        },
        "color-convert": {
          "version": "1.9.3",
          "resolved": "https://registry.npmjs.org/color-convert/-/color-convert-1.9.3.tgz",
          "integrity": "sha512-QfAUtd+vFdAtFQcC8CCyYt1fYWxSqAiK2cSD6zDB8N3cpsEBAvRxp9zOGg6G/SHHJYAT88/az/IuDGALsNVbGg==",
          "dev": true,
          "requires": {
            "color-name": "1.1.3"
          }
        },
        "color-name": {
          "version": "1.1.3",
          "resolved": "https://registry.npmjs.org/color-name/-/color-name-1.1.3.tgz",
          "integrity": "sha512-72fSenhMw2HZMTVHeCA9KCmpEIbzWiQsjN+BHcBbS9vr1mtt+vJjPdksIBNUmKAW8TFUDPJK5SUU3QhE9NEXDw==",
          "dev": true
        },
        "color-string": {
          "version": "1.9.1",
          "resolved": "https://registry.npmjs.org/color-string/-/color-string-1.9.1.tgz",
          "integrity": "sha512-shrVawQFojnZv6xM40anx4CkoDP+fZsw/ZerEMsW/pyzsRbElpsL/DBVW7q3ExxwusdNXI3lXpuhEZkzs8p5Eg==",
          "dev": true,
          "requires": {
            "color-name": "^1.0.0",
            "simple-swizzle": "^0.2.2"
          }
        },
        "decode-uri-component": {
          "version": "0.2.2",
          "resolved": "https://registry.npmjs.org/decode-uri-component/-/decode-uri-component-0.2.2.tgz",
          "integrity": "sha512-FqUYQ+8o158GyGTrMFJms9qh3CqTKvAqgqsTnkLI8sKu0028orqBhxNMFkFen0zGyg6epACD32pjVk58ngIErQ==",
          "dev": true
        },
        "escape-string-regexp": {
          "version": "4.0.0",
          "resolved": "https://registry.npmjs.org/escape-string-regexp/-/escape-string-regexp-4.0.0.tgz",
          "integrity": "sha512-TtpcNJ3XAzx3Gq8sWRzJaVajRs0uVxA2YAkdb1jm2YkPz4G6egUFAyA3n5vtEIZefPk5Wa4UXbKuS5fKkJWdgA==",
          "dev": true
        },
        "filter-obj": {
          "version": "1.1.0",
          "resolved": "https://registry.npmjs.org/filter-obj/-/filter-obj-1.1.0.tgz",
          "integrity": "sha512-8rXg1ZnX7xzy2NGDVkBVaAy+lSlPNwad13BtgSlLuxfIslyt5Vg64U7tFcCt4WS1R0hvtnQybT/IyCkGZ3DpXQ==",
          "dev": true
        },
        "is-arrayish": {
          "version": "0.3.2",
          "resolved": "https://registry.npmjs.org/is-arrayish/-/is-arrayish-0.3.2.tgz",
          "integrity": "sha512-eVRqCvVlZbuw3GrM63ovNSNAeA1K16kaR/LRY/92w0zxQ5/1YzwblUX652i4Xs9RwAGjW9d9y6X88t8OaAJfWQ==",
          "dev": true
        },
        "nanoid": {
          "version": "3.3.6",
          "resolved": "https://registry.npmjs.org/nanoid/-/nanoid-3.3.6.tgz",
          "integrity": "sha512-BGcqMMJuToF7i1rt+2PWSNVnWIkGCU78jBG3RxO/bZlnZPK2Cmi2QaffxGO/2RvWi9sL+FAiRiXMgsyxQ1DIDA==",
          "dev": true
        },
        "query-string": {
          "version": "6.14.1",
          "resolved": "https://registry.npmjs.org/query-string/-/query-string-6.14.1.tgz",
          "integrity": "sha512-XDxAeVmpfu1/6IjyT/gXHOl+S0vQ9owggJ30hhWKdHAsNPOcasn5o9BW0eejZqL2e4vMjhAxoW3jVHcD6mbcYw==",
          "dev": true,
          "requires": {
            "decode-uri-component": "^0.2.0",
            "filter-obj": "^1.1.0",
            "split-on-first": "^1.0.0",
            "strict-uri-encode": "^2.0.0"
          }
        },
        "react-is": {
          "version": "16.13.1",
          "resolved": "https://registry.npmjs.org/react-is/-/react-is-16.13.1.tgz",
          "integrity": "sha512-24e6ynE2H+OKt4kqsOvNd8kBpV65zoxbA4BVsEOB3ARVWQki/DHzaUoC5KuON/BiccDaCCTZBuOcfZs70kR8bQ==",
          "dev": true
        },
        "react-native-iphone-x-helper": {
          "version": "1.3.1",
          "resolved": "https://registry.npmjs.org/react-native-iphone-x-helper/-/react-native-iphone-x-helper-1.3.1.tgz",
          "integrity": "sha512-HOf0jzRnq2/aFUcdCJ9w9JGzN3gdEg0zFE4FyYlp4jtidqU03D5X7ZegGKfT1EWteR0gPBGp9ye5T5FvSWi9Yg==",
          "dev": true
        },
        "simple-swizzle": {
          "version": "0.2.2",
          "resolved": "https://registry.npmjs.org/simple-swizzle/-/simple-swizzle-0.2.2.tgz",
          "integrity": "sha512-JA//kQgZtbuY83m+xT+tXJkmJncGMTFT+C+g2h2R9uxkYIrE2yy9sgmcLhCnw57/WSD+Eh3J97FPEDFnbXnDUg==",
          "dev": true,
          "requires": {
            "is-arrayish": "^0.3.1"
          }
        },
        "split-on-first": {
          "version": "1.1.0",
          "resolved": "https://registry.npmjs.org/split-on-first/-/split-on-first-1.1.0.tgz",
          "integrity": "sha512-43ZssAJaMusuKWL8sKUBQXHWOpq8d6CfN/u1p4gUzfJkM05C8rxTmYrkIPTXapZpORA6LkkzcUulJ8FqA7Uudw==",
          "dev": true
        },
        "strict-uri-encode": {
          "version": "2.0.0",
          "resolved": "https://registry.npmjs.org/strict-uri-encode/-/strict-uri-encode-2.0.0.tgz",
          "integrity": "sha512-QwiXZgpRcKkhTj2Scnn++4PKtWsH0kpzZ62L2R6c/LUVYv7hVnZqcg2+sMuT6R7Jusu1vviK/MFsu6kNJfWlEQ==",
          "dev": true
        }
      }
    },
    "typescript": {
      "version": "4.9.5",
      "resolved": "https://registry.npmjs.org/typescript/-/typescript-4.9.5.tgz",
      "integrity": "sha512-1FXk9E2Hm+QzZQ7z+McJiHL4NW1F2EzMu9Nq9i3zAaGqibafqYwCVU6WyWAuyQRRzOlxou8xZSyXLEN8oKj24g==",
      "dev": true
    }
  }
}
